<?xml version="1.0" encoding="utf-8"?>
<Project ToolsVersion="4.0" xmlns="http://schemas.microsoft.com/developer/msbuild/2003">
  <ItemGroup>
    <Filter Include="Source Files">
      <UniqueIdentifier>{4FC737F1-C7A5-4376-A066-2A32D752A2FF}</UniqueIdentifier>
      <Extensions>cpp;c;cc;cxx;def;odl;idl;hpj;bat;asm;asmx</Extensions>
    </Filter>
    <Filter Include="Header Files">
      <UniqueIdentifier>{93995380-89BD-4b04-88EB-625FBE52EBFB}</UniqueIdentifier>
      <Extensions>h;hpp;hxx;hm;inl;inc;xsd</Extensions>
    </Filter>
    <Filter Include="Resource Files">
      <UniqueIdentifier>{67DA6AB6-F800-4c08-8B7A-83BB121AAD01}</UniqueIdentifier>
      <Extensions>rc;ico;cur;bmp;dlg;rc2;rct;bin;rgs;gif;jpg;jpeg;jpe;resx;tiff;tif;png;wav</Extensions>
    </Filter>
    <Filter Include="Blocks">
      <UniqueIdentifier>{6BD452AE-6BD3-4AE3-A524-5B9F0A556755}</UniqueIdentifier>
    </Filter>
    <Filter Include="Blocks\Protocol">
      <UniqueIdentifier>{C1E7CA7F-862A-4CA4-B474-30B72582F00A}</UniqueIdentifier>
    </Filter>
    <Filter Include="Blocks\Protocol\src">
      <UniqueIdentifier>{A905F5C7-DAFE-4BC5-8E01-C2EBC078495A}</UniqueIdentifier>
    </Filter>
  </ItemGroup>
  <ItemGroup>
    <ClCompile Include="..\src\WoTStatsApp.cpp">
      <Filter>Source Files</Filter>
    </ClCompile>
    <ClCompile Include="..\src\WoTStatsApp.cpp">
      <Filter>Source Files</Filter>
    </ClCompile>
    <ClInclude Include="..\include\Resources.h">
      <Filter>Header Files</Filter>
    </ClInclude>
    <ClCompile Include="..\blocks\Protocol\src\BodyInterface.cpp">
      <Filter>Blocks\Protocol\src</Filter>
    </ClCompile>
    <ClCompile Include="..\blocks\Protocol\src\FtpInterface.cpp">
      <Filter>Blocks\Protocol\src</Filter>
    </ClCompile>
    <ClCompile Include="..\blocks\Protocol\src\FtpRequest.cpp">
      <Filter>Blocks\Protocol\src</Filter>
    </ClCompile>
    <ClCompile Include="..\blocks\Protocol\src\FtpResponse.cpp">
      <Filter>Blocks\Protocol\src</Filter>
    </ClCompile>
    <ClCompile Include="..\blocks\Protocol\src\HeaderInterface.cpp">
      <Filter>Blocks\Protocol\src</Filter>
    </ClCompile>
    <ClCompile Include="..\blocks\Protocol\src\HttpInterface.cpp">
      <Filter>Blocks\Protocol\src</Filter>
    </ClCompile>
    <ClCompile Include="..\blocks\Protocol\src\HttpRequest.cpp">
      <Filter>Blocks\Protocol\src</Filter>
    </ClCompile>
    <ClCompile Include="..\blocks\Protocol\src\HttpResponse.cpp">
      <Filter>Blocks\Protocol\src</Filter>
    </ClCompile>
    <ClCompile Include="..\blocks\Protocol\src\KeyValuePairInterface.cpp">
      <Filter>Blocks\Protocol\src</Filter>
    </ClCompile>
    <ClCompile Include="..\blocks\Protocol\src\ProtocolInterface.cpp">
      <Filter>Blocks\Protocol\src</Filter>
    </ClCompile>
    <ClInclude Include="..\blocks\Protocol\src\BodyInterface.h">
      <Filter>Blocks\Protocol\src</Filter>
    </ClInclude>
    <ClInclude Include="..\blocks\Protocol\src\FtpInterface.h">
      <Filter>Blocks\Protocol\src</Filter>
    </ClInclude>
    <ClInclude Include="..\blocks\Protocol\src\FtpRequest.h">
      <Filter>Blocks\Protocol\src</Filter>
    </ClInclude>
    <ClInclude Include="..\blocks\Protocol\src\FtpResponse.h">
      <Filter>Blocks\Protocol\src</Filter>
    </ClInclude>
    <ClInclude Include="..\blocks\Protocol\src\HeaderInterface.h">
      <Filter>Blocks\Protocol\src</Filter>
    </ClInclude>
    <ClInclude Include="..\blocks\Protocol\src\HttpInterface.h">
      <Filter>Blocks\Protocol\src</Filter>
    </ClInclude>
    <ClInclude Include="..\blocks\Protocol\src\HttpRequest.h">
      <Filter>Blocks\Protocol\src</Filter>
    </ClInclude>
    <ClInclude Include="..\blocks\Protocol\src\HttpResponse.h">
      <Filter>Blocks\Protocol\src</Filter>
    </ClInclude>
    <ClInclude Include="..\blocks\Protocol\src\KeyValuePairInterface.h">
      <Filter>Blocks\Protocol\src</Filter>
    </ClInclude>
    <ClInclude Include="..\blocks\Protocol\src\ProtocolInterface.h">
      <Filter>Blocks\Protocol\src</Filter>
    </ClInclude>
    <ClCompile Include="..\src\StatFetch.cpp">
      <Filter>Source Files</Filter>
    </ClCompile>
  </ItemGroup>
  <ItemGroup>
    <ClInclude Include="..\include\Resources.h">
      <Filter>Header Files</Filter>
    </ClInclude>
    <ClInclude Include="..\src\StatFetch.h">
      <Filter>Source Files</Filter>
    </ClInclude>
  </ItemGroup>
  <ItemGroup>
    <ResourceCompile Include="Resources.rc">
      <Filter>Resource Files</Filter>
    </ResourceCompile>
  </ItemGroup>
</Project>